
Microsoft Visual Studio Solution File, Format Version 12.00
# Visual Studio 14
VisualStudioVersion = 14.0.23107.0
MinimumVisualStudioVersion = 10.0.40219.1
Project("{2150E333-8FDC-42A3-9474-1A3956D46DE8}") = "src", "src", "{D09F9437-E50D-4F16-A9B5-CD9FD1CBED33}"
EndProject
Project("{2150E333-8FDC-42A3-9474-1A3956D46DE8}") = "tests", "tests", "{AD8567B0-BBBD-4416-99C7-5B779E7B9102}"
EndProject
Project("{2150E333-8FDC-42A3-9474-1A3956D46DE8}") = "demo", "demo", "{735F22EE-ABF0-4A3E-832D-00C32C9E8A40}"
EndProject
Project("{2150E333-8FDC-42A3-9474-1A3956D46DE8}") = "docs", "docs", "{D3627DCA-2DBD-4547-BBEF-0CBEC599181C}"
EndProject
Project("{2150E333-8FDC-42A3-9474-1A3956D46DE8}") = ".nuget", ".nuget", "{C3A8E39C-8268-4506-BF2E-059AEBB251C6}"
	ProjectSection(SolutionItems) = preProject
		.nuget\NuGet.Config = .nuget\NuGet.Config
		.nuget\NuGet.exe = .nuget\NuGet.exe
		.nuget\NuGet.targets = .nuget\NuGet.targets
	EndProjectSection
EndProject
Project("{FAE04EC0-301F-11D3-BF4B-00C04F79EFBC}") = "BeiDream.Utils", "src\BeiDream.Utils\BeiDream.Utils.csproj", "{E2AF3398-5CD1-4B41-995F-BE11C7622E6E}"
EndProject
Project("{FAE04EC0-301F-11D3-BF4B-00C04F79EFBC}") = "BeiDream.Core", "src\BeiDream.Core\BeiDream.Core.csproj", "{3720F3DE-FBBD-454C-ADC0-CE6E256B6D9B}"
EndProject
Project("{FAE04EC0-301F-11D3-BF4B-00C04F79EFBC}") = "BeiDream.Utils.Tests", "tests\BeiDream.Utils.Tests\BeiDream.Utils.Tests.csproj", "{298E4DC2-DADC-44E6-8009-1B93E1AB714D}"
EndProject
Project("{FAE04EC0-301F-11D3-BF4B-00C04F79EFBC}") = "BeiDream.Demo.Web", "demo\BeiDream.Demo.Web\BeiDream.Demo.Web.csproj", "{2B49034F-C17C-4B8D-84E4-4D9EF7DBCD04}"
EndProject
Project("{FAE04EC0-301F-11D3-BF4B-00C04F79EFBC}") = "BeiDream.Core.Tests", "tests\BeiDream.Core.Tests\BeiDream.Core.Tests.csproj", "{B26D98FB-6216-4943-A2D1-4F4F64A3C23D}"
EndProject
Project("{FAE04EC0-301F-11D3-BF4B-00C04F79EFBC}") = "BeiDream.Demo.Service", "demo\BeiDream.Demo.Service\BeiDream.Demo.Service.csproj", "{FA22489D-836F-48DB-A4B0-79A7CB878999}"
EndProject
Project("{FAE04EC0-301F-11D3-BF4B-00C04F79EFBC}") = "BeiDream.Web.Mvc", "src\BeiDream.Web.Mvc\BeiDream.Web.Mvc.csproj", "{4D4F4EB5-AA9C-42F8-A6C5-CF58F69C6D28}"
EndProject
Project("{FAE04EC0-301F-11D3-BF4B-00C04F79EFBC}") = "BeiDream.Demo.Consoles", "demo\BeiDream.Demo.Consoles\BeiDream.Demo.Consoles.csproj", "{FAB4A2BC-7336-4137-A7DF-BCD3D9C6583F}"
EndProject
Global
	GlobalSection(SolutionConfigurationPlatforms) = preSolution
		Debug|Any CPU = Debug|Any CPU
		Release|Any CPU = Release|Any CPU
	EndGlobalSection
	GlobalSection(ProjectConfigurationPlatforms) = postSolution
		{E2AF3398-5CD1-4B41-995F-BE11C7622E6E}.Debug|Any CPU.ActiveCfg = Debug|Any CPU
		{E2AF3398-5CD1-4B41-995F-BE11C7622E6E}.Debug|Any CPU.Build.0 = Debug|Any CPU
		{E2AF3398-5CD1-4B41-995F-BE11C7622E6E}.Release|Any CPU.ActiveCfg = Release|Any CPU
		{E2AF3398-5CD1-4B41-995F-BE11C7622E6E}.Release|Any CPU.Build.0 = Release|Any CPU
		{3720F3DE-FBBD-454C-ADC0-CE6E256B6D9B}.Debug|Any CPU.ActiveCfg = Debug|Any CPU
		{3720F3DE-FBBD-454C-ADC0-CE6E256B6D9B}.Debug|Any CPU.Build.0 = Debug|Any CPU
		{3720F3DE-FBBD-454C-ADC0-CE6E256B6D9B}.Release|Any CPU.ActiveCfg = Release|Any CPU
		{3720F3DE-FBBD-454C-ADC0-CE6E256B6D9B}.Release|Any CPU.Build.0 = Release|Any CPU
		{298E4DC2-DADC-44E6-8009-1B93E1AB714D}.Debug|Any CPU.ActiveCfg = Debug|Any CPU
		{298E4DC2-DADC-44E6-8009-1B93E1AB714D}.Debug|Any CPU.Build.0 = Debug|Any CPU
		{298E4DC2-DADC-44E6-8009-1B93E1AB714D}.Release|Any CPU.ActiveCfg = Release|Any CPU
		{298E4DC2-DADC-44E6-8009-1B93E1AB714D}.Release|Any CPU.Build.0 = Release|Any CPU
		{2B49034F-C17C-4B8D-84E4-4D9EF7DBCD04}.Debug|Any CPU.ActiveCfg = Debug|Any CPU
		{2B49034F-C17C-4B8D-84E4-4D9EF7DBCD04}.Debug|Any CPU.Build.0 = Debug|Any CPU
		{2B49034F-C17C-4B8D-84E4-4D9EF7DBCD04}.Release|Any CPU.ActiveCfg = Release|Any CPU
		{2B49034F-C17C-4B8D-84E4-4D9EF7DBCD04}.Release|Any CPU.Build.0 = Release|Any CPU
		{B26D98FB-6216-4943-A2D1-4F4F64A3C23D}.Debug|Any CPU.ActiveCfg = Debug|Any CPU
		{B26D98FB-6216-4943-A2D1-4F4F64A3C23D}.Debug|Any CPU.Build.0 = Debug|Any CPU
		{B26D98FB-6216-4943-A2D1-4F4F64A3C23D}.Release|Any CPU.ActiveCfg = Release|Any CPU
		{B26D98FB-6216-4943-A2D1-4F4F64A3C23D}.Release|Any CPU.Build.0 = Release|Any CPU
		{FA22489D-836F-48DB-A4B0-79A7CB878999}.Debug|Any CPU.ActiveCfg = Debug|Any CPU
		{FA22489D-836F-48DB-A4B0-79A7CB878999}.Debug|Any CPU.Build.0 = Debug|Any CPU
		{FA22489D-836F-48DB-A4B0-79A7CB878999}.Release|Any CPU.ActiveCfg = Release|Any CPU
		{FA22489D-836F-48DB-A4B0-79A7CB878999}.Release|Any CPU.Build.0 = Release|Any CPU
		{4D4F4EB5-AA9C-42F8-A6C5-CF58F69C6D28}.Debug|Any CPU.ActiveCfg = Debug|Any CPU
		{4D4F4EB5-AA9C-42F8-A6C5-CF58F69C6D28}.Debug|Any CPU.Build.0 = Debug|Any CPU
		{4D4F4EB5-AA9C-42F8-A6C5-CF58F69C6D28}.Release|Any CPU.ActiveCfg = Release|Any CPU
		{4D4F4EB5-AA9C-42F8-A6C5-CF58F69C6D28}.Release|Any CPU.Build.0 = Release|Any CPU
		{FAB4A2BC-7336-4137-A7DF-BCD3D9C6583F}.Debug|Any CPU.ActiveCfg = Debug|Any CPU
		{FAB4A2BC-7336-4137-A7DF-BCD3D9C6583F}.Debug|Any CPU.Build.0 = Debug|Any CPU
		{FAB4A2BC-7336-4137-A7DF-BCD3D9C6583F}.Release|Any CPU.ActiveCfg = Release|Any CPU
		{FAB4A2BC-7336-4137-A7DF-BCD3D9C6583F}.Release|Any CPU.Build.0 = Release|Any CPU
	EndGlobalSection
	GlobalSection(SolutionProperties) = preSolution
		HideSolutionNode = FALSE
	EndGlobalSection
	GlobalSection(NestedProjects) = preSolution
		{E2AF3398-5CD1-4B41-995F-BE11C7622E6E} = {D09F9437-E50D-4F16-A9B5-CD9FD1CBED33}
		{3720F3DE-FBBD-454C-ADC0-CE6E256B6D9B} = {D09F9437-E50D-4F16-A9B5-CD9FD1CBED33}
		{298E4DC2-DADC-44E6-8009-1B93E1AB714D} = {AD8567B0-BBBD-4416-99C7-5B779E7B9102}
		{2B49034F-C17C-4B8D-84E4-4D9EF7DBCD04} = {735F22EE-ABF0-4A3E-832D-00C32C9E8A40}
		{B26D98FB-6216-4943-A2D1-4F4F64A3C23D} = {AD8567B0-BBBD-4416-99C7-5B779E7B9102}
		{FA22489D-836F-48DB-A4B0-79A7CB878999} = {735F22EE-ABF0-4A3E-832D-00C32C9E8A40}
		{4D4F4EB5-AA9C-42F8-A6C5-CF58F69C6D28} = {D09F9437-E50D-4F16-A9B5-CD9FD1CBED33}
		{FAB4A2BC-7336-4137-A7DF-BCD3D9C6583F} = {735F22EE-ABF0-4A3E-832D-00C32C9E8A40}
	EndGlobalSection
EndGlobal
